
Microsoft Visual Studio Solution File, Format Version 12.00
# Visual Studio Version 16
VisualStudioVersion = 16.0.32630.194
MinimumVisualStudioVersion = 10.0.40219.1
Project("{FAE04EC0-301F-11D3-BF4B-00C04F79EFBC}") = "REGIN5", "REGIN5.csproj", "{D6782EAE-1D20-4699-BB5A-7452515AC690}"
EndProject
Global
	GlobalSection(SolutionConfigurationPlatforms) = preSolution
		Debug|Any CPU = Debug|Any CPU
		Release|Any CPU = Release|Any CPU
	EndGlobalSection
	GlobalSection(ProjectConfigurationPlatforms) = postSolution
		{D6782EAE-1D20-4699-BB5A-7452515AC690}.Debug|Any CPU.ActiveCfg = Debug|Any CPU
		{D6782EAE-1D20-4699-BB5A-7452515AC690}.Debug|Any CPU.Build.0 = Debug|Any CPU
		{D6782EAE-1D20-4699-BB5A-7452515AC690}.Release|Any CPU.ActiveCfg = Release|Any CPU
		{D6782EAE-1D20-4699-BB5A-7452515AC690}.Release|Any CPU.Build.0 = Release|Any CPU
	EndGlobalSection
	GlobalSection(SolutionProperties) = preSolution
		HideSolutionNode = FALSE
	EndGlobalSection
	GlobalSection(ExtensibilityGlobals) = postSolution
		SolutionGuid = {1A648BF6-F286-4109-A881-EDED74882580}
	EndGlobalSection
EndGlobal
